
Microsoft Visual Studio Solution File, Format Version 12.00
Project("{FAE04EC0-301F-11D3-BF4B-00C04F79EFBC}") = "Minigun", "src\Minigun\Minigun.csproj", "{6DAAA1B7-606E-4966-ACB0-85FA0DCDE274}"
EndProject
Global
	GlobalSection(SolutionConfigurationPlatforms) = preSolution
		Debug|Any CPU = Debug|Any CPU
		Release|Any CPU = Release|Any CPU
	EndGlobalSection
	GlobalSection(ProjectConfigurationPlatforms) = postSolution
		{6DAAA1B7-606E-4966-ACB0-85FA0DCDE274}.Debug|Any CPU.ActiveCfg = Debug|Any CPU
		{6DAAA1B7-606E-4966-ACB0-85FA0DCDE274}.Debug|Any CPU.Build.0 = Debug|Any CPU
		{6DAAA1B7-606E-4966-ACB0-85FA0DCDE274}.Release|Any CPU.ActiveCfg = Release|Any CPU
		{6DAAA1B7-606E-4966-ACB0-85FA0DCDE274}.Release|Any CPU.Build.0 = Release|Any CPU
	EndGlobalSection
EndGlobal
